
Microsoft Visual Studio Solution File, Format Version 12.00
# Visual Studio Version 17
VisualStudioVersion = 17.1.32328.378
MinimumVisualStudioVersion = 10.0.40219.1
Project("{9A19103F-16F7-4668-BE54-9A1E7A4F7556}") = "MtgManagerV1", "MtgManagerV1\MtgManagerV1.csproj", "{01094C73-9036-4737-85C4-48796D9F65A4}"
EndProject
Project("{9A19103F-16F7-4668-BE54-9A1E7A4F7556}") = "MtgManager", "MtgManager\MtgManager.csproj", "{527CBDD0-665D-48BA-A26A-FB21B93483D5}"
EndProject
Project("{9A19103F-16F7-4668-BE54-9A1E7A4F7556}") = "Utils", "Utils\Utils.csproj", "{36174B1C-C72D-4901-A5F2-DC6A6160F65A}"
EndProject
Project("{9A19103F-16F7-4668-BE54-9A1E7A4F7556}") = "Utils.Tests", "UtilsTests\Utils.Tests.csproj", "{E4192C4C-0DB7-4CA5-BC48-B178AECCD8B2}"
EndProject
Project("{FAE04EC0-301F-11D3-BF4B-00C04F79EFBC}") = "MtgManager.Tests", "MtgManagerTests\MtgManager.Tests.csproj", "{D2BD79DC-6866-5641-B6AD-DE33944FE0D6}"
EndProject
Global
	GlobalSection(SolutionConfigurationPlatforms) = preSolution
		Debug|Any CPU = Debug|Any CPU
		Release|Any CPU = Release|Any CPU
	EndGlobalSection
	GlobalSection(ProjectConfigurationPlatforms) = postSolution
		{01094C73-9036-4737-85C4-48796D9F65A4}.Debug|Any CPU.ActiveCfg = Debug|Any CPU
		{01094C73-9036-4737-85C4-48796D9F65A4}.Debug|Any CPU.Build.0 = Debug|Any CPU
		{01094C73-9036-4737-85C4-48796D9F65A4}.Release|Any CPU.ActiveCfg = Release|Any CPU
		{01094C73-9036-4737-85C4-48796D9F65A4}.Release|Any CPU.Build.0 = Release|Any CPU
		{527CBDD0-665D-48BA-A26A-FB21B93483D5}.Debug|Any CPU.ActiveCfg = Debug|Any CPU
		{527CBDD0-665D-48BA-A26A-FB21B93483D5}.Debug|Any CPU.Build.0 = Debug|Any CPU
		{527CBDD0-665D-48BA-A26A-FB21B93483D5}.Release|Any CPU.ActiveCfg = Release|Any CPU
		{527CBDD0-665D-48BA-A26A-FB21B93483D5}.Release|Any CPU.Build.0 = Release|Any CPU
		{36174B1C-C72D-4901-A5F2-DC6A6160F65A}.Debug|Any CPU.ActiveCfg = Debug|Any CPU
		{36174B1C-C72D-4901-A5F2-DC6A6160F65A}.Debug|Any CPU.Build.0 = Debug|Any CPU
		{36174B1C-C72D-4901-A5F2-DC6A6160F65A}.Release|Any CPU.ActiveCfg = Release|Any CPU
		{36174B1C-C72D-4901-A5F2-DC6A6160F65A}.Release|Any CPU.Build.0 = Release|Any CPU
		{E4192C4C-0DB7-4CA5-BC48-B178AECCD8B2}.Debug|Any CPU.ActiveCfg = Debug|Any CPU
		{E4192C4C-0DB7-4CA5-BC48-B178AECCD8B2}.Debug|Any CPU.Build.0 = Debug|Any CPU
		{E4192C4C-0DB7-4CA5-BC48-B178AECCD8B2}.Release|Any CPU.ActiveCfg = Release|Any CPU
		{E4192C4C-0DB7-4CA5-BC48-B178AECCD8B2}.Release|Any CPU.Build.0 = Release|Any CPU
		{D2BD79DC-6866-5641-B6AD-DE33944FE0D6}.Debug|Any CPU.ActiveCfg = Debug|Any CPU
		{D2BD79DC-6866-5641-B6AD-DE33944FE0D6}.Debug|Any CPU.Build.0 = Debug|Any CPU
		{D2BD79DC-6866-5641-B6AD-DE33944FE0D6}.Release|Any CPU.ActiveCfg = Release|Any CPU
		{D2BD79DC-6866-5641-B6AD-DE33944FE0D6}.Release|Any CPU.Build.0 = Release|Any CPU
	EndGlobalSection
	GlobalSection(SolutionProperties) = preSolution
		HideSolutionNode = FALSE
	EndGlobalSection
	GlobalSection(ExtensibilityGlobals) = postSolution
		SolutionGuid = {BB7F394E-9766-46CD-8ECF-024AF57E2F4B}
	EndGlobalSection
EndGlobal
